{
  "requires": true,
  "lockfileVersion": 1,
  "dependencies": {
    "JSONStream": {
      "version": "0.8.4",
      "resolved": "https://registry.npmjs.org/JSONStream/-/JSONStream-0.8.4.tgz",
      "integrity": "sha1-kWV9/m/4V0gwZhMrRhi2Lo9Ih70=",
      "requires": {
        "jsonparse": "0.0.5",
        "through": ">=2.2.7 <3"
      }
    },
    "core-util-is": {
      "version": "1.0.2",
      "resolved": "https://registry.npmjs.org/core-util-is/-/core-util-is-1.0.2.tgz",
      "integrity": "sha1-tf1UIgqivFq1eqtxQMlAdUUDwac="
    },
    "debug": {
      "version": "0.7.4",
      "resolved": "https://registry.npmjs.org/debug/-/debug-0.7.4.tgz",
      "integrity": "sha1-BuHqgILCyxTjmAbiLi9vdX+Srzk="
    },
    "docker-modem": {
      "version": "0.1.23",
      "resolved": "https://registry.npmjs.org/docker-modem/-/docker-modem-0.1.23.tgz",
      "integrity": "sha1-sMkqy9INTN2CbIKoC13B1UIQsWQ=",
      "requires": {
        "debug": "~0.7.4",
        "follow-redirects": "0.0.3",
        "querystring": "0.2.0",
        "readable-stream": "~1.0.26-4"
      }
    },
    "docker-spawn": {
      "version": "0.1.1",
      "resolved": "https://registry.npmjs.org/docker-spawn/-/docker-spawn-0.1.1.tgz",
      "integrity": "sha1-dz/M7h/qROqKFYl6Hx+4WiGW+xc=",
      "dev": true,
      "requires": {
        "JSONStream": "~0.8.0",
        "dockerode": "~1.2.7",
        "through2": "~0.4.1"
      }
    },
    "dockerode": {
      "version": "1.2.10",
      "resolved": "https://registry.npmjs.org/dockerode/-/dockerode-1.2.10.tgz",
      "integrity": "sha1-fJA0PdEe1cSAfRL7JA6RcIe7vGg=",
      "requires": {
        "docker-modem": "0.1.x",
        "underscore": "1.5.x"
      }
    },
    "follow-redirects": {
      "version": "0.0.3",
      "resolved": "https://registry.npmjs.org/follow-redirects/-/follow-redirects-0.0.3.tgz",
      "integrity": "sha1-bOZ6JNsf4T8ibBFxpyp+8rF7j2U=",
      "requires": {
        "underscore": "^1.12.0"
      },
      "dependencies": {
        "underscore": {
          "version": "1.12.0",
          "resolved": "https://registry.npmjs.org/underscore/-/underscore-1.12.0.tgz",
          "integrity": "sha512-21rQzss/XPMjolTiIezSu3JAjgagXKROtNrYFEOWK109qY1Uv2tVjPTZ1ci2HgvQDA16gHYSthQIJfB+XId/rQ=="
        }
      }
    },
    "inherits": {
      "version": "2.0.4",
      "resolved": "https://registry.npmjs.org/inherits/-/inherits-2.0.4.tgz",
      "integrity": "sha512-k/vGaX4/Yla3WzyMCvTQOXYeIHvqOKtnqBduzTHpzpQZzAskKMhZ2K+EnBiSM9zGSoIFeMpXKxa4dYeZIQqewQ=="
    },
    "isarray": {
      "version": "0.0.1",
      "resolved": "https://registry.npmjs.org/isarray/-/isarray-0.0.1.tgz",
      "integrity": "sha1-ihis/Kmo9Bd+Cav8YDiTmwXR7t8="
    },
    "jsonparse": {
      "version": "0.0.5",
      "resolved": "https://registry.npmjs.org/jsonparse/-/jsonparse-0.0.5.tgz",
      "integrity": "sha1-MwVCrT8KZUZlt3jz6y2an6UHrGQ="
    },
    "object-keys": {
      "version": "0.4.0",
      "resolved": "https://registry.npmjs.org/object-keys/-/object-keys-0.4.0.tgz",
      "integrity": "sha1-KKaq50KN0sOpLz2V8hM13SBOAzY="
    },
    "querystring": {
      "version": "0.2.0",
      "resolved": "https://registry.npmjs.org/querystring/-/querystring-0.2.0.tgz",
      "integrity": "sha1-sgmEkgO7Jd+CDadW50cAWHhSFiA="
    },
    "readable-stream": {
      "version": "1.0.34",
      "resolved": "https://registry.npmjs.org/readable-stream/-/readable-stream-1.0.34.tgz",
      "integrity": "sha1-Elgg40vIQtLyqq+v5MKRbuMsFXw=",
      "requires": {
        "core-util-is": "~1.0.0",
        "inherits": "~2.0.1",
        "isarray": "0.0.1",
        "string_decoder": "~0.10.x"
      }
    },
    "string_decoder": {
      "version": "0.10.31",
      "resolved": "https://registry.npmjs.org/string_decoder/-/string_decoder-0.10.31.tgz",
      "integrity": "sha1-YuIDvEF2bGwoyfyEMB2rHFMQ+pQ="
    },
    "through": {
      "version": "2.3.8",
      "resolved": "https://registry.npmjs.org/through/-/through-2.3.8.tgz",
      "integrity": "sha1-DdTJ/6q8NXlgsbckEV1+Doai4fU="
    },
    "through2": {
      "version": "0.4.2",
      "resolved": "https://registry.npmjs.org/through2/-/through2-0.4.2.tgz",
      "integrity": "sha1-2/WGYDEVHsg1K7bE22SiKSqEC5s=",
      "requires": {
        "readable-stream": "~1.0.17",
        "xtend": "~2.1.1"
      }
    },
    "underscore": {
      "version": "1.5.2",
      "resolved": "https://registry.npmjs.org/underscore/-/underscore-1.5.2.tgz",
      "integrity": "sha1-EzXF5PXm0zu7SwBrqMhqAPVW3gg="
    },
    "xtend": {
      "version": "2.1.2",
      "resolved": "https://registry.npmjs.org/xtend/-/xtend-2.1.2.tgz",
      "integrity": "sha1-bv7MKk2tjmlixJAbM3znuoe10os=",
      "requires": {
        "object-keys": "~0.4.0"
      }
    }
  }
}
